
Microsoft Visual Studio Solution File, Format Version 12.00
# Visual Studio Version 17
VisualStudioVersion = 17.10.34928.147
MinimumVisualStudioVersion = 10.0.40219.1
Project("{FAE04EC0-301F-11D3-BF4B-00C04F79EFBC}") = "Task - 04.07.2024", "Task - 04.07.2024.csproj", "{37933597-F28C-46DD-82BF-C8E50D7DC693}"
EndProject
Global
	GlobalSection(SolutionConfigurationPlatforms) = preSolution
		Debug|Any CPU = Debug|Any CPU
		Release|Any CPU = Release|Any CPU
	EndGlobalSection
	GlobalSection(ProjectConfigurationPlatforms) = postSolution
		{37933597-F28C-46DD-82BF-C8E50D7DC693}.Debug|Any CPU.ActiveCfg = Debug|Any CPU
		{37933597-F28C-46DD-82BF-C8E50D7DC693}.Debug|Any CPU.Build.0 = Debug|Any CPU
		{37933597-F28C-46DD-82BF-C8E50D7DC693}.Release|Any CPU.ActiveCfg = Release|Any CPU
		{37933597-F28C-46DD-82BF-C8E50D7DC693}.Release|Any CPU.Build.0 = Release|Any CPU
	EndGlobalSection
	GlobalSection(SolutionProperties) = preSolution
		HideSolutionNode = FALSE
	EndGlobalSection
	GlobalSection(ExtensibilityGlobals) = postSolution
		SolutionGuid = {400EF42E-6E95-418C-80D0-EFFB19C16037}
	EndGlobalSection
EndGlobal
